
Microsoft Visual Studio Solution File, Format Version 12.00
# Visual Studio 15
Project("{FAE04EC0-301F-11D3-BF4B-00C04F79EFBC}") = "Scripts", "Scripts.csproj", "{42689578-939C-54C4-A94D-585201809218}"
EndProject
Project("{FAE04EC0-301F-11D3-BF4B-00C04F79EFBC}") = "Tests", "Tests.csproj", "{DC181C5C-8869-5EA2-3EDE-0D7284E00610}"
EndProject
Global
	GlobalSection(SolutionConfigurationPlatforms) = preSolution
		Debug|Any CPU = Debug|Any CPU
		Release|Any CPU = Release|Any CPU
	EndGlobalSection
	GlobalSection(ProjectConfigurationPlatforms) = postSolution
		{42689578-939C-54C4-A94D-585201809218}.Debug|Any CPU.ActiveCfg = Debug|Any CPU
		{42689578-939C-54C4-A94D-585201809218}.Debug|Any CPU.Build.0 = Debug|Any CPU
		{42689578-939C-54C4-A94D-585201809218}.Release|Any CPU.ActiveCfg = Release|Any CPU
		{42689578-939C-54C4-A94D-585201809218}.Release|Any CPU.Build.0 = Release|Any CPU
		{DC181C5C-8869-5EA2-3EDE-0D7284E00610}.Debug|Any CPU.ActiveCfg = Debug|Any CPU
		{DC181C5C-8869-5EA2-3EDE-0D7284E00610}.Debug|Any CPU.Build.0 = Debug|Any CPU
		{DC181C5C-8869-5EA2-3EDE-0D7284E00610}.Release|Any CPU.ActiveCfg = Release|Any CPU
		{DC181C5C-8869-5EA2-3EDE-0D7284E00610}.Release|Any CPU.Build.0 = Release|Any CPU
	EndGlobalSection
	GlobalSection(SolutionProperties) = preSolution
		HideSolutionNode = FALSE
	EndGlobalSection
EndGlobal
